
Microsoft Visual Studio Solution File, Format Version 12.00
# Visual Studio Version 16
VisualStudioVersion = 16.0.30907.101
MinimumVisualStudioVersion = 10.0.40219.1
Project("{9A19103F-16F7-4668-BE54-9A1E7A4F7556}") = "SIS.HTTP", "SIS.HTTP\SIS.HTTP.csproj", "{21ADD6EB-6ABD-4098-BBAA-BACE47A3590E}"
EndProject
Project("{9A19103F-16F7-4668-BE54-9A1E7A4F7556}") = "SIS.MvcFramework", "SIS.MvcFramework\SIS.MvcFramework.csproj", "{F03C3AEC-63E3-47D0-8324-1AE55DDA453F}"
EndProject
Project("{9A19103F-16F7-4668-BE54-9A1E7A4F7556}") = "SulsApp", "SulsApp\SulsApp.csproj", "{3DCBF616-A94D-45E7-A108-A1F5839F25CC}"
EndProject
Project("{9A19103F-16F7-4668-BE54-9A1E7A4F7556}") = "SIS.MvcFramework.Tests", "SIS.MvcFramework.Tests\SIS.MvcFramework.Tests.csproj", "{99DDDF3E-048F-4FE9-8F5B-E887DB468867}"
EndProject
Global
	GlobalSection(SolutionConfigurationPlatforms) = preSolution
		Debug|Any CPU = Debug|Any CPU
		Release|Any CPU = Release|Any CPU
	EndGlobalSection
	GlobalSection(ProjectConfigurationPlatforms) = postSolution
		{21ADD6EB-6ABD-4098-BBAA-BACE47A3590E}.Debug|Any CPU.ActiveCfg = Debug|Any CPU
		{21ADD6EB-6ABD-4098-BBAA-BACE47A3590E}.Debug|Any CPU.Build.0 = Debug|Any CPU
		{21ADD6EB-6ABD-4098-BBAA-BACE47A3590E}.Release|Any CPU.ActiveCfg = Release|Any CPU
		{21ADD6EB-6ABD-4098-BBAA-BACE47A3590E}.Release|Any CPU.Build.0 = Release|Any CPU
		{F03C3AEC-63E3-47D0-8324-1AE55DDA453F}.Debug|Any CPU.ActiveCfg = Debug|Any CPU
		{F03C3AEC-63E3-47D0-8324-1AE55DDA453F}.Debug|Any CPU.Build.0 = Debug|Any CPU
		{F03C3AEC-63E3-47D0-8324-1AE55DDA453F}.Release|Any CPU.ActiveCfg = Release|Any CPU
		{F03C3AEC-63E3-47D0-8324-1AE55DDA453F}.Release|Any CPU.Build.0 = Release|Any CPU
		{3DCBF616-A94D-45E7-A108-A1F5839F25CC}.Debug|Any CPU.ActiveCfg = Debug|Any CPU
		{3DCBF616-A94D-45E7-A108-A1F5839F25CC}.Debug|Any CPU.Build.0 = Debug|Any CPU
		{3DCBF616-A94D-45E7-A108-A1F5839F25CC}.Release|Any CPU.ActiveCfg = Release|Any CPU
		{3DCBF616-A94D-45E7-A108-A1F5839F25CC}.Release|Any CPU.Build.0 = Release|Any CPU
		{99DDDF3E-048F-4FE9-8F5B-E887DB468867}.Debug|Any CPU.ActiveCfg = Debug|Any CPU
		{99DDDF3E-048F-4FE9-8F5B-E887DB468867}.Debug|Any CPU.Build.0 = Debug|Any CPU
		{99DDDF3E-048F-4FE9-8F5B-E887DB468867}.Release|Any CPU.ActiveCfg = Release|Any CPU
		{99DDDF3E-048F-4FE9-8F5B-E887DB468867}.Release|Any CPU.Build.0 = Release|Any CPU
	EndGlobalSection
	GlobalSection(SolutionProperties) = preSolution
		HideSolutionNode = FALSE
	EndGlobalSection
	GlobalSection(ExtensibilityGlobals) = postSolution
		SolutionGuid = {1E33E0F1-8520-4329-9CA4-981516AA27A4}
	EndGlobalSection
EndGlobal
