
Microsoft Visual Studio Solution File, Format Version 12.00
# Visual Studio Version 16
VisualStudioVersion = 16.0.31205.134
MinimumVisualStudioVersion = 10.0.40219.1
Project("{9A19103F-16F7-4668-BE54-9A1E7A4F7556}") = "MyWebServer", "MyWebServer.csproj", "{F7A063AB-5150-4C3A-A01A-832F7FB74D69}"
EndProject
Project("{FAE04EC0-301F-11D3-BF4B-00C04F79EFBC}") = "Skeleton", "..\Skeleton\Skeleton.csproj", "{C0D1405C-CFC8-4CFA-819A-9E967C5E9B9A}"
EndProject
Global
	GlobalSection(SolutionConfigurationPlatforms) = preSolution
		Debug|Any CPU = Debug|Any CPU
		Release|Any CPU = Release|Any CPU
	EndGlobalSection
	GlobalSection(ProjectConfigurationPlatforms) = postSolution
		{F7A063AB-5150-4C3A-A01A-832F7FB74D69}.Debug|Any CPU.ActiveCfg = Debug|Any CPU
		{F7A063AB-5150-4C3A-A01A-832F7FB74D69}.Debug|Any CPU.Build.0 = Debug|Any CPU
		{F7A063AB-5150-4C3A-A01A-832F7FB74D69}.Release|Any CPU.ActiveCfg = Release|Any CPU
		{F7A063AB-5150-4C3A-A01A-832F7FB74D69}.Release|Any CPU.Build.0 = Release|Any CPU
		{C0D1405C-CFC8-4CFA-819A-9E967C5E9B9A}.Debug|Any CPU.ActiveCfg = Debug|Any CPU
		{C0D1405C-CFC8-4CFA-819A-9E967C5E9B9A}.Debug|Any CPU.Build.0 = Debug|Any CPU
		{C0D1405C-CFC8-4CFA-819A-9E967C5E9B9A}.Release|Any CPU.ActiveCfg = Release|Any CPU
		{C0D1405C-CFC8-4CFA-819A-9E967C5E9B9A}.Release|Any CPU.Build.0 = Release|Any CPU
	EndGlobalSection
	GlobalSection(SolutionProperties) = preSolution
		HideSolutionNode = FALSE
	EndGlobalSection
	GlobalSection(ExtensibilityGlobals) = postSolution
		SolutionGuid = {4DA0F30B-B316-42EE-96D6-7650292FF6CD}
	EndGlobalSection
EndGlobal
